{
  "name": "ds-intent-analyzer",
  "version": "0.1.1",
  "lockfileVersion": 3,
  "requires": true,
  "packages": {
    "": {
      "name": "ds-intent-analyzer",
      "version": "0.1.1",
      "license": "UNLICENSED",
      "bin": {
        "ds-intent-analyzer": "bin/ds-intent-analyzer.mjs"
      },
      "engines": {
        "node": ">=18"
      }
    }
  }
}
